
Microsoft Visual Studio Solution File, Format Version 12.00
# Visual Studio Version 17
VisualStudioVersion = 17.1.32210.238
MinimumVisualStudioVersion = 10.0.40219.1
Project("{2150E333-8FDC-42A3-9474-1A3956D46DE8}") = "Sdk", "Sdk", "{4865AC4F-6C98-474C-AC51-CE3A9FCC5F09}"
EndProject
Project("{9A19103F-16F7-4668-BE54-9A1E7A4F7556}") = "ARSoftware.Contpaqi.Comercial.Sdk", "src\ARSoftware.Contpaqi.Comercial.Sdk\ARSoftware.Contpaqi.Comercial.Sdk.csproj", "{AE97BF24-578D-4356-8B62-CB06BE5211C0}"
EndProject
Project("{9A19103F-16F7-4668-BE54-9A1E7A4F7556}") = "ARSoftware.Contpaqi.Comercial.Sdk.Extras", "src\ARSoftware.Contpaqi.Comercial.Sdk.Extras\ARSoftware.Contpaqi.Comercial.Sdk.Extras.csproj", "{7F70954E-93F9-454C-9831-77516EEBE79C}"
EndProject
Project("{2150E333-8FDC-42A3-9474-1A3956D46DE8}") = "Sql", "Sql", "{CFD90884-02FA-46CD-91B7-859A76C43404}"
EndProject
Project("{9A19103F-16F7-4668-BE54-9A1E7A4F7556}") = "ARSoftware.Contpaqi.Comercial.Sql.Models", "src\ARSoftware.Contpaqi.Comercial.Sql.Models\ARSoftware.Contpaqi.Comercial.Sql.Models.csproj", "{46033D52-9A61-405F-AFD2-F65FF66FEC1F}"
EndProject
Project("{9A19103F-16F7-4668-BE54-9A1E7A4F7556}") = "ARSoftware.Contpaqi.Comercial.Sql", "src\ARSoftware.Contpaqi.Comercial.Sql\ARSoftware.Contpaqi.Comercial.Sql.csproj", "{576418D4-7E0B-43F0-ACE8-C8EDEFC9B9FC}"
EndProject
Project("{2150E333-8FDC-42A3-9474-1A3956D46DE8}") = "Ejemplos", "Ejemplos", "{789B7A52-4364-40CD-9DFF-60491464C56B}"
EndProject
Project("{9A19103F-16F7-4668-BE54-9A1E7A4F7556}") = "Sdk.Extras.ConsoleApp", "samples\Sdk.Extras.ConsoleApp\Sdk.Extras.ConsoleApp.csproj", "{158B3C79-4897-4923-88B3-3FA402CD3408}"
EndProject
Project("{9A19103F-16F7-4668-BE54-9A1E7A4F7556}") = "Sql.MigrationsStartupProject", "src\Sql.MigrationsStartupProject\Sql.MigrationsStartupProject.csproj", "{3202C9C7-70D6-474D-8953-970BD250746E}"
EndProject
Project("{9A19103F-16F7-4668-BE54-9A1E7A4F7556}") = "Sdk.ConsoleApp", "samples\Sdk.ConsoleApp\Sdk.ConsoleApp.csproj", "{4BAE5C2C-047A-4E49-A233-A5B72471B3BB}"
EndProject
Project("{9A19103F-16F7-4668-BE54-9A1E7A4F7556}") = "Sdk.Extras.WpfApp", "samples\Sdk.Extras.WpfApp\Sdk.Extras.WpfApp.csproj", "{44D515D2-3CB4-4A0D-B711-EDCED2204307}"
EndProject
Project("{9A19103F-16F7-4668-BE54-9A1E7A4F7556}") = "Sql.ConsoleApp", "samples\Sql.ConsoleApp\Sql.ConsoleApp.csproj", "{BFBBDE0B-876D-43C8-98DA-E2F798D373BF}"
EndProject
Project("{9A19103F-16F7-4668-BE54-9A1E7A4F7556}") = "Samples.Common", "samples\Samples.Common\Samples.Common.csproj", "{5D6A92F2-8671-401E-8B5B-B1BCEC3EEF5E}"
EndProject
Project("{FAE04EC0-301F-11D3-BF4B-00C04F79EFBC}") = "ARSoftware.Contpaqi.Comercial.Sdk.Abstractions", "src\ARSoftware.Contpaqi.Comercial.Sdk.Abstractions\ARSoftware.Contpaqi.Comercial.Sdk.Abstractions.csproj", "{EC687F22-D0B1-4770-90DB-F63D4EC8554A}"
EndProject
Global
	GlobalSection(SolutionConfigurationPlatforms) = preSolution
		Debug|Any CPU = Debug|Any CPU
		Release|Any CPU = Release|Any CPU
	EndGlobalSection
	GlobalSection(ProjectConfigurationPlatforms) = postSolution
		{AE97BF24-578D-4356-8B62-CB06BE5211C0}.Debug|Any CPU.ActiveCfg = Debug|Any CPU
		{AE97BF24-578D-4356-8B62-CB06BE5211C0}.Debug|Any CPU.Build.0 = Debug|Any CPU
		{AE97BF24-578D-4356-8B62-CB06BE5211C0}.Release|Any CPU.ActiveCfg = Release|Any CPU
		{AE97BF24-578D-4356-8B62-CB06BE5211C0}.Release|Any CPU.Build.0 = Release|Any CPU
		{7F70954E-93F9-454C-9831-77516EEBE79C}.Debug|Any CPU.ActiveCfg = Debug|Any CPU
		{7F70954E-93F9-454C-9831-77516EEBE79C}.Debug|Any CPU.Build.0 = Debug|Any CPU
		{7F70954E-93F9-454C-9831-77516EEBE79C}.Release|Any CPU.ActiveCfg = Release|Any CPU
		{7F70954E-93F9-454C-9831-77516EEBE79C}.Release|Any CPU.Build.0 = Release|Any CPU
		{46033D52-9A61-405F-AFD2-F65FF66FEC1F}.Debug|Any CPU.ActiveCfg = Debug|Any CPU
		{46033D52-9A61-405F-AFD2-F65FF66FEC1F}.Debug|Any CPU.Build.0 = Debug|Any CPU
		{46033D52-9A61-405F-AFD2-F65FF66FEC1F}.Release|Any CPU.ActiveCfg = Release|Any CPU
		{46033D52-9A61-405F-AFD2-F65FF66FEC1F}.Release|Any CPU.Build.0 = Release|Any CPU
		{576418D4-7E0B-43F0-ACE8-C8EDEFC9B9FC}.Debug|Any CPU.ActiveCfg = Debug|Any CPU
		{576418D4-7E0B-43F0-ACE8-C8EDEFC9B9FC}.Debug|Any CPU.Build.0 = Debug|Any CPU
		{576418D4-7E0B-43F0-ACE8-C8EDEFC9B9FC}.Release|Any CPU.ActiveCfg = Release|Any CPU
		{576418D4-7E0B-43F0-ACE8-C8EDEFC9B9FC}.Release|Any CPU.Build.0 = Release|Any CPU
		{158B3C79-4897-4923-88B3-3FA402CD3408}.Debug|Any CPU.ActiveCfg = Debug|Any CPU
		{158B3C79-4897-4923-88B3-3FA402CD3408}.Debug|Any CPU.Build.0 = Debug|Any CPU
		{158B3C79-4897-4923-88B3-3FA402CD3408}.Release|Any CPU.ActiveCfg = Release|Any CPU
		{158B3C79-4897-4923-88B3-3FA402CD3408}.Release|Any CPU.Build.0 = Release|Any CPU
		{3202C9C7-70D6-474D-8953-970BD250746E}.Debug|Any CPU.ActiveCfg = Debug|Any CPU
		{3202C9C7-70D6-474D-8953-970BD250746E}.Debug|Any CPU.Build.0 = Debug|Any CPU
		{3202C9C7-70D6-474D-8953-970BD250746E}.Release|Any CPU.ActiveCfg = Release|Any CPU
		{3202C9C7-70D6-474D-8953-970BD250746E}.Release|Any CPU.Build.0 = Release|Any CPU
		{4BAE5C2C-047A-4E49-A233-A5B72471B3BB}.Debug|Any CPU.ActiveCfg = Debug|Any CPU
		{4BAE5C2C-047A-4E49-A233-A5B72471B3BB}.Debug|Any CPU.Build.0 = Debug|Any CPU
		{4BAE5C2C-047A-4E49-A233-A5B72471B3BB}.Release|Any CPU.ActiveCfg = Release|Any CPU
		{4BAE5C2C-047A-4E49-A233-A5B72471B3BB}.Release|Any CPU.Build.0 = Release|Any CPU
		{44D515D2-3CB4-4A0D-B711-EDCED2204307}.Debug|Any CPU.ActiveCfg = Debug|Any CPU
		{44D515D2-3CB4-4A0D-B711-EDCED2204307}.Debug|Any CPU.Build.0 = Debug|Any CPU
		{44D515D2-3CB4-4A0D-B711-EDCED2204307}.Release|Any CPU.ActiveCfg = Release|Any CPU
		{44D515D2-3CB4-4A0D-B711-EDCED2204307}.Release|Any CPU.Build.0 = Release|Any CPU
		{BFBBDE0B-876D-43C8-98DA-E2F798D373BF}.Debug|Any CPU.ActiveCfg = Debug|Any CPU
		{BFBBDE0B-876D-43C8-98DA-E2F798D373BF}.Debug|Any CPU.Build.0 = Debug|Any CPU
		{BFBBDE0B-876D-43C8-98DA-E2F798D373BF}.Release|Any CPU.ActiveCfg = Release|Any CPU
		{BFBBDE0B-876D-43C8-98DA-E2F798D373BF}.Release|Any CPU.Build.0 = Release|Any CPU
		{5D6A92F2-8671-401E-8B5B-B1BCEC3EEF5E}.Debug|Any CPU.ActiveCfg = Debug|Any CPU
		{5D6A92F2-8671-401E-8B5B-B1BCEC3EEF5E}.Debug|Any CPU.Build.0 = Debug|Any CPU
		{5D6A92F2-8671-401E-8B5B-B1BCEC3EEF5E}.Release|Any CPU.ActiveCfg = Release|Any CPU
		{5D6A92F2-8671-401E-8B5B-B1BCEC3EEF5E}.Release|Any CPU.Build.0 = Release|Any CPU
		{EC687F22-D0B1-4770-90DB-F63D4EC8554A}.Debug|Any CPU.ActiveCfg = Debug|Any CPU
		{EC687F22-D0B1-4770-90DB-F63D4EC8554A}.Debug|Any CPU.Build.0 = Debug|Any CPU
		{EC687F22-D0B1-4770-90DB-F63D4EC8554A}.Release|Any CPU.ActiveCfg = Release|Any CPU
		{EC687F22-D0B1-4770-90DB-F63D4EC8554A}.Release|Any CPU.Build.0 = Release|Any CPU
	EndGlobalSection
	GlobalSection(SolutionProperties) = preSolution
		HideSolutionNode = FALSE
	EndGlobalSection
	GlobalSection(NestedProjects) = preSolution
		{AE97BF24-578D-4356-8B62-CB06BE5211C0} = {4865AC4F-6C98-474C-AC51-CE3A9FCC5F09}
		{7F70954E-93F9-454C-9831-77516EEBE79C} = {4865AC4F-6C98-474C-AC51-CE3A9FCC5F09}
		{46033D52-9A61-405F-AFD2-F65FF66FEC1F} = {CFD90884-02FA-46CD-91B7-859A76C43404}
		{576418D4-7E0B-43F0-ACE8-C8EDEFC9B9FC} = {CFD90884-02FA-46CD-91B7-859A76C43404}
		{158B3C79-4897-4923-88B3-3FA402CD3408} = {789B7A52-4364-40CD-9DFF-60491464C56B}
		{3202C9C7-70D6-474D-8953-970BD250746E} = {CFD90884-02FA-46CD-91B7-859A76C43404}
		{4BAE5C2C-047A-4E49-A233-A5B72471B3BB} = {789B7A52-4364-40CD-9DFF-60491464C56B}
		{44D515D2-3CB4-4A0D-B711-EDCED2204307} = {789B7A52-4364-40CD-9DFF-60491464C56B}
		{BFBBDE0B-876D-43C8-98DA-E2F798D373BF} = {789B7A52-4364-40CD-9DFF-60491464C56B}
		{5D6A92F2-8671-401E-8B5B-B1BCEC3EEF5E} = {789B7A52-4364-40CD-9DFF-60491464C56B}
		{EC687F22-D0B1-4770-90DB-F63D4EC8554A} = {4865AC4F-6C98-474C-AC51-CE3A9FCC5F09}
	EndGlobalSection
	GlobalSection(ExtensibilityGlobals) = postSolution
		SolutionGuid = {3588233E-0044-4A6F-ACB1-262819D2D760}
	EndGlobalSection
EndGlobal
