
Microsoft Visual Studio Solution File, Format Version 12.00
# Visual Studio Version 17
VisualStudioVersion = 17.1.32210.238
MinimumVisualStudioVersion = 10.0.40219.1
Project("{2150E333-8FDC-42A3-9474-1A3956D46DE8}") = "Solution Items", "Solution Items", "{8750EC4C-1857-4F85-9D66-C918B75685D2}"
	ProjectSection(SolutionItems) = preProject
		README.md = README.md
	EndProjectSection
EndProject
Project("{9A19103F-16F7-4668-BE54-9A1E7A4F7556}") = "ARSoftware.Contpaqi.Comercial.Sql", "ARSoftware.Contpaqi.Comercial.Sql\ARSoftware.Contpaqi.Comercial.Sql.csproj", "{06F70134-ACFF-4839-A421-F61B000EA653}"
EndProject
Project("{9A19103F-16F7-4668-BE54-9A1E7A4F7556}") = "ARSoftware.Contpaqi.Comercial.Sql.Models", "ARSoftware.Contpaqi.Comercial.Sql.Models\ARSoftware.Contpaqi.Comercial.Sql.Models.csproj", "{C15B3488-1EDA-4058-AC1C-900471AC0189}"
EndProject
Project("{9A19103F-16F7-4668-BE54-9A1E7A4F7556}") = "ARSoftware.Contpaqi.Comercial.Sdk", "ARSoftware.Contpaqi.Comercial.Sdk\ARSoftware.Contpaqi.Comercial.Sdk.csproj", "{441E56A1-6C60-4D33-B8D5-032AA956FA26}"
EndProject
Project("{9A19103F-16F7-4668-BE54-9A1E7A4F7556}") = "ARSoftware.Contpaqi.Comercial.Sdk.Extras", "ARSoftware.Contpaqi.Comercial.Sdk.Extras\ARSoftware.Contpaqi.Comercial.Sdk.Extras.csproj", "{A3889D5A-E9AB-402C-AC43-944FBDA33AA9}"
EndProject
Project("{9A19103F-16F7-4668-BE54-9A1E7A4F7556}") = "ARSoftware.Contpaqi.Comercial.Ejemplos", "ARSoftware.Contpaqi.Comercial.Ejemplos\ARSoftware.Contpaqi.Comercial.Ejemplos.csproj", "{CCAE5458-6354-47BD-8BC7-1EACDB9F2CBE}"
EndProject
Project("{FAE04EC0-301F-11D3-BF4B-00C04F79EFBC}") = "ARSoftware.Contpaqi.Comercial.Sql.EF6", "ARSoftware.Contpaqi.Comercial.Sql.EF6\ARSoftware.Contpaqi.Comercial.Sql.EF6.csproj", "{064993D8-A9FC-4C64-8B21-0F66FFF85104}"
EndProject
Global
	GlobalSection(SolutionConfigurationPlatforms) = preSolution
		Debug|Any CPU = Debug|Any CPU
		Release|Any CPU = Release|Any CPU
	EndGlobalSection
	GlobalSection(ProjectConfigurationPlatforms) = postSolution
		{06F70134-ACFF-4839-A421-F61B000EA653}.Debug|Any CPU.ActiveCfg = Debug|Any CPU
		{06F70134-ACFF-4839-A421-F61B000EA653}.Debug|Any CPU.Build.0 = Debug|Any CPU
		{06F70134-ACFF-4839-A421-F61B000EA653}.Release|Any CPU.ActiveCfg = Release|Any CPU
		{06F70134-ACFF-4839-A421-F61B000EA653}.Release|Any CPU.Build.0 = Release|Any CPU
		{C15B3488-1EDA-4058-AC1C-900471AC0189}.Debug|Any CPU.ActiveCfg = Debug|Any CPU
		{C15B3488-1EDA-4058-AC1C-900471AC0189}.Debug|Any CPU.Build.0 = Debug|Any CPU
		{C15B3488-1EDA-4058-AC1C-900471AC0189}.Release|Any CPU.ActiveCfg = Release|Any CPU
		{C15B3488-1EDA-4058-AC1C-900471AC0189}.Release|Any CPU.Build.0 = Release|Any CPU
		{441E56A1-6C60-4D33-B8D5-032AA956FA26}.Debug|Any CPU.ActiveCfg = Debug|Any CPU
		{441E56A1-6C60-4D33-B8D5-032AA956FA26}.Debug|Any CPU.Build.0 = Debug|Any CPU
		{441E56A1-6C60-4D33-B8D5-032AA956FA26}.Release|Any CPU.ActiveCfg = Release|Any CPU
		{441E56A1-6C60-4D33-B8D5-032AA956FA26}.Release|Any CPU.Build.0 = Release|Any CPU
		{A3889D5A-E9AB-402C-AC43-944FBDA33AA9}.Debug|Any CPU.ActiveCfg = Debug|Any CPU
		{A3889D5A-E9AB-402C-AC43-944FBDA33AA9}.Debug|Any CPU.Build.0 = Debug|Any CPU
		{A3889D5A-E9AB-402C-AC43-944FBDA33AA9}.Release|Any CPU.ActiveCfg = Release|Any CPU
		{A3889D5A-E9AB-402C-AC43-944FBDA33AA9}.Release|Any CPU.Build.0 = Release|Any CPU
		{CCAE5458-6354-47BD-8BC7-1EACDB9F2CBE}.Debug|Any CPU.ActiveCfg = Debug|Any CPU
		{CCAE5458-6354-47BD-8BC7-1EACDB9F2CBE}.Debug|Any CPU.Build.0 = Debug|Any CPU
		{CCAE5458-6354-47BD-8BC7-1EACDB9F2CBE}.Release|Any CPU.ActiveCfg = Release|Any CPU
		{CCAE5458-6354-47BD-8BC7-1EACDB9F2CBE}.Release|Any CPU.Build.0 = Release|Any CPU
		{064993D8-A9FC-4C64-8B21-0F66FFF85104}.Debug|Any CPU.ActiveCfg = Debug|Any CPU
		{064993D8-A9FC-4C64-8B21-0F66FFF85104}.Debug|Any CPU.Build.0 = Debug|Any CPU
		{064993D8-A9FC-4C64-8B21-0F66FFF85104}.Release|Any CPU.ActiveCfg = Release|Any CPU
		{064993D8-A9FC-4C64-8B21-0F66FFF85104}.Release|Any CPU.Build.0 = Release|Any CPU
	EndGlobalSection
	GlobalSection(SolutionProperties) = preSolution
		HideSolutionNode = FALSE
	EndGlobalSection
	GlobalSection(ExtensibilityGlobals) = postSolution
		SolutionGuid = {3588233E-0044-4A6F-ACB1-262819D2D760}
	EndGlobalSection
EndGlobal
