
Microsoft Visual Studio Solution File, Format Version 12.00
# Visual Studio Version 16
VisualStudioVersion = 16.0.29503.13
MinimumVisualStudioVersion = 10.0.40219.1
Project("{2150E333-8FDC-42A3-9474-1A3956D46DE8}") = "Solution Items", "Solution Items", "{8750EC4C-1857-4F85-9D66-C918B75685D2}"
	ProjectSection(SolutionItems) = preProject
		README.md = README.md
	EndProjectSection
EndProject
Project("{9A19103F-16F7-4668-BE54-9A1E7A4F7556}") = "Contpaqi.Sdk", "Contpaqi.Sdk\Contpaqi.Sdk.csproj", "{8FE9363D-F62D-4097-AAF4-C7723A9817C9}"
EndProject
Project("{9A19103F-16F7-4668-BE54-9A1E7A4F7556}") = "Contpaqi.Sdk.Extras", "Contpaqi.Sdk.Extras\Contpaqi.Sdk.Extras.csproj", "{2695223D-E90E-4B10-97A7-AEC07A64E8B2}"
EndProject
Project("{9A19103F-16F7-4668-BE54-9A1E7A4F7556}") = "Contpaqi.Sdk.Ejemplos", "Contpaqi.Sdk.Ejemplos\Contpaqi.Sdk.Ejemplos.csproj", "{A1460D85-4BA0-4770-AAF5-B40AD117E234}"
EndProject
Global
	GlobalSection(SolutionConfigurationPlatforms) = preSolution
		Debug|Any CPU = Debug|Any CPU
		Release|Any CPU = Release|Any CPU
	EndGlobalSection
	GlobalSection(ProjectConfigurationPlatforms) = postSolution
		{8FE9363D-F62D-4097-AAF4-C7723A9817C9}.Debug|Any CPU.ActiveCfg = Debug|Any CPU
		{8FE9363D-F62D-4097-AAF4-C7723A9817C9}.Debug|Any CPU.Build.0 = Debug|Any CPU
		{8FE9363D-F62D-4097-AAF4-C7723A9817C9}.Release|Any CPU.ActiveCfg = Release|Any CPU
		{8FE9363D-F62D-4097-AAF4-C7723A9817C9}.Release|Any CPU.Build.0 = Release|Any CPU
		{2695223D-E90E-4B10-97A7-AEC07A64E8B2}.Debug|Any CPU.ActiveCfg = Debug|Any CPU
		{2695223D-E90E-4B10-97A7-AEC07A64E8B2}.Debug|Any CPU.Build.0 = Debug|Any CPU
		{2695223D-E90E-4B10-97A7-AEC07A64E8B2}.Release|Any CPU.ActiveCfg = Release|Any CPU
		{2695223D-E90E-4B10-97A7-AEC07A64E8B2}.Release|Any CPU.Build.0 = Release|Any CPU
		{A1460D85-4BA0-4770-AAF5-B40AD117E234}.Debug|Any CPU.ActiveCfg = Debug|Any CPU
		{A1460D85-4BA0-4770-AAF5-B40AD117E234}.Debug|Any CPU.Build.0 = Debug|Any CPU
		{A1460D85-4BA0-4770-AAF5-B40AD117E234}.Release|Any CPU.ActiveCfg = Release|Any CPU
		{A1460D85-4BA0-4770-AAF5-B40AD117E234}.Release|Any CPU.Build.0 = Release|Any CPU
	EndGlobalSection
	GlobalSection(SolutionProperties) = preSolution
		HideSolutionNode = FALSE
	EndGlobalSection
	GlobalSection(ExtensibilityGlobals) = postSolution
		SolutionGuid = {3588233E-0044-4A6F-ACB1-262819D2D760}
	EndGlobalSection
EndGlobal
