
Microsoft Visual Studio Solution File, Format Version 12.00
# Visual Studio 15
VisualStudioVersion = 15.0.27130.2036
MinimumVisualStudioVersion = 10.0.40219.1
Project("{2150E333-8FDC-42A3-9474-1A3956D46DE8}") = "Solution Items", "Solution Items", "{8750EC4C-1857-4F85-9D66-C918B75685D2}"
	ProjectSection(SolutionItems) = preProject
		README.md = README.md
	EndProjectSection
EndProject
Project("{FAE04EC0-301F-11D3-BF4B-00C04F79EFBC}") = "Contpaqi.Sdk", "Contpaqi.Sdk\Contpaqi.Sdk.csproj", "{8FE9363D-F62D-4097-AAF4-C7723A9817C9}"
EndProject
Project("{FAE04EC0-301F-11D3-BF4B-00C04F79EFBC}") = "Contpaqi.Sdk.Extras", "Contpaqi.Sdk.Extras\Contpaqi.Sdk.Extras.csproj", "{2695223D-E90E-4B10-97A7-AEC07A64E8B2}"
EndProject
Project("{FAE04EC0-301F-11D3-BF4B-00C04F79EFBC}") = "Contpaqi.Sql.Comercial.Generales", "Contpaqi.Sql.Comercial.Generales\Contpaqi.Sql.Comercial.Generales.csproj", "{8AE4448C-5106-4C44-820E-E42309CE0521}"
EndProject
Project("{FAE04EC0-301F-11D3-BF4B-00C04F79EFBC}") = "Contpaqi.Sql.Comercial.Empresa", "Contpaqi.Sql.Comercial.Empresa\Contpaqi.Sql.Comercial.Empresa.csproj", "{6242E17D-976F-4591-BC5F-75349BF3185C}"
EndProject
Project("{FAE04EC0-301F-11D3-BF4B-00C04F79EFBC}") = "Contpaqi.Sql.Contabilidad.Generales", "Contpaqi.Sql.Contabilidad.Generales\Contpaqi.Sql.Contabilidad.Generales.csproj", "{7FE158CB-988F-42E2-B3C6-C89D636309AF}"
EndProject
Project("{FAE04EC0-301F-11D3-BF4B-00C04F79EFBC}") = "Contpaqi.Sql.Contabilidad.Empresa", "Contpaqi.Sql.Contabilidad.Empresa\Contpaqi.Sql.Contabilidad.Empresa.csproj", "{DAA17F6B-185A-41EE-81AD-2522EC114823}"
EndProject
Global
	GlobalSection(SolutionConfigurationPlatforms) = preSolution
		Debug|Any CPU = Debug|Any CPU
		Debug|x86 = Debug|x86
		Release|Any CPU = Release|Any CPU
		Release|x86 = Release|x86
	EndGlobalSection
	GlobalSection(ProjectConfigurationPlatforms) = postSolution
		{8FE9363D-F62D-4097-AAF4-C7723A9817C9}.Debug|Any CPU.ActiveCfg = Debug|Any CPU
		{8FE9363D-F62D-4097-AAF4-C7723A9817C9}.Debug|Any CPU.Build.0 = Debug|Any CPU
		{8FE9363D-F62D-4097-AAF4-C7723A9817C9}.Debug|x86.ActiveCfg = Debug|x86
		{8FE9363D-F62D-4097-AAF4-C7723A9817C9}.Debug|x86.Build.0 = Debug|x86
		{8FE9363D-F62D-4097-AAF4-C7723A9817C9}.Release|Any CPU.ActiveCfg = Release|Any CPU
		{8FE9363D-F62D-4097-AAF4-C7723A9817C9}.Release|Any CPU.Build.0 = Release|Any CPU
		{8FE9363D-F62D-4097-AAF4-C7723A9817C9}.Release|x86.ActiveCfg = Release|x86
		{8FE9363D-F62D-4097-AAF4-C7723A9817C9}.Release|x86.Build.0 = Release|x86
		{2695223D-E90E-4B10-97A7-AEC07A64E8B2}.Debug|Any CPU.ActiveCfg = Debug|Any CPU
		{2695223D-E90E-4B10-97A7-AEC07A64E8B2}.Debug|Any CPU.Build.0 = Debug|Any CPU
		{2695223D-E90E-4B10-97A7-AEC07A64E8B2}.Debug|x86.ActiveCfg = Debug|x86
		{2695223D-E90E-4B10-97A7-AEC07A64E8B2}.Debug|x86.Build.0 = Debug|x86
		{2695223D-E90E-4B10-97A7-AEC07A64E8B2}.Release|Any CPU.ActiveCfg = Release|Any CPU
		{2695223D-E90E-4B10-97A7-AEC07A64E8B2}.Release|Any CPU.Build.0 = Release|Any CPU
		{2695223D-E90E-4B10-97A7-AEC07A64E8B2}.Release|x86.ActiveCfg = Release|x86
		{2695223D-E90E-4B10-97A7-AEC07A64E8B2}.Release|x86.Build.0 = Release|x86
		{8AE4448C-5106-4C44-820E-E42309CE0521}.Debug|Any CPU.ActiveCfg = Debug|Any CPU
		{8AE4448C-5106-4C44-820E-E42309CE0521}.Debug|Any CPU.Build.0 = Debug|Any CPU
		{8AE4448C-5106-4C44-820E-E42309CE0521}.Debug|x86.ActiveCfg = Debug|x86
		{8AE4448C-5106-4C44-820E-E42309CE0521}.Debug|x86.Build.0 = Debug|x86
		{8AE4448C-5106-4C44-820E-E42309CE0521}.Release|Any CPU.ActiveCfg = Release|Any CPU
		{8AE4448C-5106-4C44-820E-E42309CE0521}.Release|Any CPU.Build.0 = Release|Any CPU
		{8AE4448C-5106-4C44-820E-E42309CE0521}.Release|x86.ActiveCfg = Release|x86
		{8AE4448C-5106-4C44-820E-E42309CE0521}.Release|x86.Build.0 = Release|x86
		{6242E17D-976F-4591-BC5F-75349BF3185C}.Debug|Any CPU.ActiveCfg = Debug|Any CPU
		{6242E17D-976F-4591-BC5F-75349BF3185C}.Debug|Any CPU.Build.0 = Debug|Any CPU
		{6242E17D-976F-4591-BC5F-75349BF3185C}.Debug|x86.ActiveCfg = Debug|x86
		{6242E17D-976F-4591-BC5F-75349BF3185C}.Debug|x86.Build.0 = Debug|x86
		{6242E17D-976F-4591-BC5F-75349BF3185C}.Release|Any CPU.ActiveCfg = Release|Any CPU
		{6242E17D-976F-4591-BC5F-75349BF3185C}.Release|Any CPU.Build.0 = Release|Any CPU
		{6242E17D-976F-4591-BC5F-75349BF3185C}.Release|x86.ActiveCfg = Release|x86
		{6242E17D-976F-4591-BC5F-75349BF3185C}.Release|x86.Build.0 = Release|x86
		{7FE158CB-988F-42E2-B3C6-C89D636309AF}.Debug|Any CPU.ActiveCfg = Debug|Any CPU
		{7FE158CB-988F-42E2-B3C6-C89D636309AF}.Debug|Any CPU.Build.0 = Debug|Any CPU
		{7FE158CB-988F-42E2-B3C6-C89D636309AF}.Debug|x86.ActiveCfg = Debug|Any CPU
		{7FE158CB-988F-42E2-B3C6-C89D636309AF}.Debug|x86.Build.0 = Debug|Any CPU
		{7FE158CB-988F-42E2-B3C6-C89D636309AF}.Release|Any CPU.ActiveCfg = Release|Any CPU
		{7FE158CB-988F-42E2-B3C6-C89D636309AF}.Release|Any CPU.Build.0 = Release|Any CPU
		{7FE158CB-988F-42E2-B3C6-C89D636309AF}.Release|x86.ActiveCfg = Release|Any CPU
		{7FE158CB-988F-42E2-B3C6-C89D636309AF}.Release|x86.Build.0 = Release|Any CPU
		{DAA17F6B-185A-41EE-81AD-2522EC114823}.Debug|Any CPU.ActiveCfg = Debug|Any CPU
		{DAA17F6B-185A-41EE-81AD-2522EC114823}.Debug|Any CPU.Build.0 = Debug|Any CPU
		{DAA17F6B-185A-41EE-81AD-2522EC114823}.Debug|x86.ActiveCfg = Debug|Any CPU
		{DAA17F6B-185A-41EE-81AD-2522EC114823}.Debug|x86.Build.0 = Debug|Any CPU
		{DAA17F6B-185A-41EE-81AD-2522EC114823}.Release|Any CPU.ActiveCfg = Release|Any CPU
		{DAA17F6B-185A-41EE-81AD-2522EC114823}.Release|Any CPU.Build.0 = Release|Any CPU
		{DAA17F6B-185A-41EE-81AD-2522EC114823}.Release|x86.ActiveCfg = Release|Any CPU
		{DAA17F6B-185A-41EE-81AD-2522EC114823}.Release|x86.Build.0 = Release|Any CPU
	EndGlobalSection
	GlobalSection(SolutionProperties) = preSolution
		HideSolutionNode = FALSE
	EndGlobalSection
	GlobalSection(ExtensibilityGlobals) = postSolution
		SolutionGuid = {3588233E-0044-4A6F-ACB1-262819D2D760}
	EndGlobalSection
EndGlobal
